// !$*UTF8*$!
{
	archiveVersion = 1;
	classes = {
	};
	objectVersion = 46;
	objects = {

/* Begin PBXBuildFile section */
		33B437D01F19DA9A00B2DE75 /* main.m in Sources */ = {isa = PBXBuildFile; fileRef = 33B437CF1F19DA9A00B2DE75 /* main.m */; };
		33B437D31F19DA9A00B2DE75 /* AppDelegate.m in Sources */ = {isa = PBXBuildFile; fileRef = 33B437D21F19DA9A00B2DE75 /* AppDelegate.m */; };
		33B437D61F19DA9A00B2DE75 /* ViewController.m in Sources */ = {isa = PBXBuildFile; fileRef = 33B437D51F19DA9A00B2DE75 /* ViewController.m */; };
		33B437D91F19DA9A00B2DE75 /* Main.storyboard in Resources */ = {isa = PBXBuildFile; fileRef = 33B437D71F19DA9A00B2DE75 /* Main.storyboard */; };
		33B437DB1F19DA9A00B2DE75 /* Assets.xcassets in Resources */ = {isa = PBXBuildFile; fileRef = 33B437DA1F19DA9A00B2DE75 /* Assets.xcassets */; };
		33B437DE1F19DA9A00B2DE75 /* LaunchScreen.storyboard in Resources */ = {isa = PBXBuildFile; fileRef = 33B437DC1F19DA9A00B2DE75 /* LaunchScreen.storyboard */; };
		33B437E91F19DA9A00B2DE75 /* Thread_programmingTests.m in Sources */ = {isa = PBXBuildFile; fileRef = 33B437E81F19DA9A00B2DE75 /* Thread_programmingTests.m */; };
		33B437F51F19DB2600B2DE75 /* ThreadHelper.m in Sources */ = {isa = PBXBuildFile; fileRef = 33B437F41F19DB2600B2DE75 /* ThreadHelper.m */; };
		33B437F81F19DB4200B2DE75 /* POSIX_Thread.c in Sources */ = {isa = PBXBuildFile; fileRef = 33B437F61F19DB4200B2DE75 /* POSIX_Thread.c */; };
		33B437FB1F19E3F600B2DE75 /* ViewOperator.m in Sources */ = {isa = PBXBuildFile; fileRef = 33B437FA1F19E3F600B2DE75 /* ViewOperator.m */; };
		33B437FE1F1E52EB00B2DE75 /* TPRunLoop.m in Sources */ = {isa = PBXBuildFile; fileRef = 33B437FD1F1E52EB00B2DE75 /* TPRunLoop.m */; };
/* End PBXBuildFile section */

/* Begin PBXContainerItemProxy section */
		33B437E51F19DA9A00B2DE75 /* PBXContainerItemProxy */ = {
			isa = PBXContainerItemProxy;
			containerPortal = 33B437C31F19DA9A00B2DE75 /* Project object */;
			proxyType = 1;
			remoteGlobalIDString = 33B437CA1F19DA9A00B2DE75;
			remoteInfo = Thread_programming;
		};
/* End PBXContainerItemProxy section */

/* Begin PBXFileReference section */
		33B437CB1F19DA9A00B2DE75 /* Thread_programming.app */ = {isa = PBXFileReference; explicitFileType = wrapper.application; includeInIndex = 0; path = Thread_programming.app; sourceTree = BUILT_PRODUCTS_DIR; };
		33B437CF1F19DA9A00B2DE75 /* main.m */ = {isa = PBXFileReference; lastKnownFileType = sourcecode.c.objc; path = main.m; sourceTree = "<group>"; };
		33B437D11F19DA9A00B2DE75 /* AppDelegate.h */ = {isa = PBXFileReference; lastKnownFileType = sourcecode.c.h; path = AppDelegate.h; sourceTree = "<group>"; };
		33B437D21F19DA9A00B2DE75 /* AppDelegate.m */ = {isa = PBXFileReference; lastKnownFileType = sourcecode.c.objc; path = AppDelegate.m; sourceTree = "<group>"; };
		33B437D41F19DA9A00B2DE75 /* ViewController.h */ = {isa = PBXFileReference; lastKnownFileType = sourcecode.c.h; path = ViewController.h; sourceTree = "<group>"; };
		33B437D51F19DA9A00B2DE75 /* ViewController.m */ = {isa = PBXFileReference; lastKnownFileType = sourcecode.c.objc; path = ViewController.m; sourceTree = "<group>"; };
		33B437D81F19DA9A00B2DE75 /* Base */ = {isa = PBXFileReference; lastKnownFileType = file.storyboard; name = Base; path = Base.lproj/Main.storyboard; sourceTree = "<group>"; };
		33B437DA1F19DA9A00B2DE75 /* Assets.xcassets */ = {isa = PBXFileReference; lastKnownFileType = folder.assetcatalog; path = Assets.xcassets; sourceTree = "<group>"; };
		33B437DD1F19DA9A00B2DE75 /* Base */ = {isa = PBXFileReference; lastKnownFileType = file.storyboard; name = Base; path = Base.lproj/LaunchScreen.storyboard; sourceTree = "<group>"; };
		33B437DF1F19DA9A00B2DE75 /* Info.plist */ = {isa = PBXFileReference; lastKnownFileType = text.plist.xml; path = Info.plist; sourceTree = "<group>"; };
		33B437E41F19DA9A00B2DE75 /* Thread_programmingTests.xctest */ = {isa = PBXFileReference; explicitFileType = wrapper.cfbundle; includeInIndex = 0; path = Thread_programmingTests.xctest; sourceTree = BUILT_PRODUCTS_DIR; };
		33B437E81F19DA9A00B2DE75 /* Thread_programmingTests.m */ = {isa = PBXFileReference; lastKnownFileType = sourcecode.c.objc; path = Thread_programmingTests.m; sourceTree = "<group>"; };
		33B437EA1F19DA9A00B2DE75 /* Info.plist */ = {isa = PBXFileReference; lastKnownFileType = text.plist.xml; path = Info.plist; sourceTree = "<group>"; };
		33B437F31F19DB2600B2DE75 /* ThreadHelper.h */ = {isa = PBXFileReference; fileEncoding = 4; lastKnownFileType = sourcecode.c.h; path = ThreadHelper.h; sourceTree = "<group>"; };
		33B437F41F19DB2600B2DE75 /* ThreadHelper.m */ = {isa = PBXFileReference; fileEncoding = 4; lastKnownFileType = sourcecode.c.objc; path = ThreadHelper.m; sourceTree = "<group>"; };
		33B437F61F19DB4200B2DE75 /* POSIX_Thread.c */ = {isa = PBXFileReference; fileEncoding = 4; lastKnownFileType = sourcecode.c.c; path = POSIX_Thread.c; sourceTree = "<group>"; };
		33B437F71F19DB4200B2DE75 /* POSIX_Thread.h */ = {isa = PBXFileReference; fileEncoding = 4; lastKnownFileType = sourcecode.c.h; path = POSIX_Thread.h; sourceTree = "<group>"; };
		33B437F91F19E3F600B2DE75 /* ViewOperator.h */ = {isa = PBXFileReference; fileEncoding = 4; lastKnownFileType = sourcecode.c.h; path = ViewOperator.h; sourceTree = "<group>"; };
		33B437FA1F19E3F600B2DE75 /* ViewOperator.m */ = {isa = PBXFileReference; fileEncoding = 4; lastKnownFileType = sourcecode.c.objc; path = ViewOperator.m; sourceTree = "<group>"; };
		33B437FC1F1E52EB00B2DE75 /* TPRunLoop.h */ = {isa = PBXFileReference; fileEncoding = 4; lastKnownFileType = sourcecode.c.h; path = TPRunLoop.h; sourceTree = "<group>"; };
		33B437FD1F1E52EB00B2DE75 /* TPRunLoop.m */ = {isa = PBXFileReference; fileEncoding = 4; lastKnownFileType = sourcecode.c.objc; path = TPRunLoop.m; sourceTree = "<group>"; };
/* End PBXFileReference section */

/* Begin PBXFrameworksBuildPhase section */
		33B437C81F19DA9A00B2DE75 /* Frameworks */ = {
			isa = PBXFrameworksBuildPhase;
			buildActionMask = 2147483647;
			files = (
			);
			runOnlyForDeploymentPostprocessing = 0;
		};
		33B437E11F19DA9A00B2DE75 /* Frameworks */ = {
			isa = PBXFrameworksBuildPhase;
			buildActionMask = 2147483647;
			files = (
			);
			runOnlyForDeploymentPostprocessing = 0;
		};
/* End PBXFrameworksBuildPhase section */

/* Begin PBXGroup section */
		33B437C21F19DA9900B2DE75 = {
			isa = PBXGroup;
			children = (
				33B437CD1F19DA9A00B2DE75 /* Thread_programming */,
				33B437E71F19DA9A00B2DE75 /* Thread_programmingTests */,
				33B437CC1F19DA9A00B2DE75 /* Products */,
			);
			sourceTree = "<group>";
		};
		33B437CC1F19DA9A00B2DE75 /* Products */ = {
			isa = PBXGroup;
			children = (
				33B437CB1F19DA9A00B2DE75 /* Thread_programming.app */,
				33B437E41F19DA9A00B2DE75 /* Thread_programmingTests.xctest */,
			);
			name = Products;
			sourceTree = "<group>";
		};
		33B437CD1F19DA9A00B2DE75 /* Thread_programming */ = {
			isa = PBXGroup;
			children = (
				33B437D11F19DA9A00B2DE75 /* AppDelegate.h */,
				33B437D21F19DA9A00B2DE75 /* AppDelegate.m */,
				33B437D41F19DA9A00B2DE75 /* ViewController.h */,
				33B437D51F19DA9A00B2DE75 /* ViewController.m */,
				33B437F91F19E3F600B2DE75 /* ViewOperator.h */,
				33B437FA1F19E3F600B2DE75 /* ViewOperator.m */,
				33B437F31F19DB2600B2DE75 /* ThreadHelper.h */,
				33B437F41F19DB2600B2DE75 /* ThreadHelper.m */,
				33B437F61F19DB4200B2DE75 /* POSIX_Thread.c */,
				33B437F71F19DB4200B2DE75 /* POSIX_Thread.h */,
				33B437FC1F1E52EB00B2DE75 /* TPRunLoop.h */,
				33B437FD1F1E52EB00B2DE75 /* TPRunLoop.m */,
				33B437D71F19DA9A00B2DE75 /* Main.storyboard */,
				33B437DA1F19DA9A00B2DE75 /* Assets.xcassets */,
				33B437DC1F19DA9A00B2DE75 /* LaunchScreen.storyboard */,
				33B437DF1F19DA9A00B2DE75 /* Info.plist */,
				33B437CE1F19DA9A00B2DE75 /* Supporting Files */,
			);
			path = Thread_programming;
			sourceTree = "<group>";
		};
		33B437CE1F19DA9A00B2DE75 /* Supporting Files */ = {
			isa = PBXGroup;
			children = (
				33B437CF1F19DA9A00B2DE75 /* main.m */,
			);
			name = "Supporting Files";
			sourceTree = "<group>";
		};
		33B437E71F19DA9A00B2DE75 /* Thread_programmingTests */ = {
			isa = PBXGroup;
			children = (
				33B437E81F19DA9A00B2DE75 /* Thread_programmingTests.m */,
				33B437EA1F19DA9A00B2DE75 /* Info.plist */,
			);
			path = Thread_programmingTests;
			sourceTree = "<group>";
		};
/* End PBXGroup section */

/* Begin PBXNativeTarget section */
		33B437CA1F19DA9A00B2DE75 /* Thread_programming */ = {
			isa = PBXNativeTarget;
			buildConfigurationList = 33B437ED1F19DA9A00B2DE75 /* Build configuration list for PBXNativeTarget "Thread_programming" */;
			buildPhases = (
				33B437C71F19DA9A00B2DE75 /* Sources */,
				33B437C81F19DA9A00B2DE75 /* Frameworks */,
				33B437C91F19DA9A00B2DE75 /* Resources */,
			);
			buildRules = (
			);
			dependencies = (
			);
			name = Thread_programming;
			productName = Thread_programming;
			productReference = 33B437CB1F19DA9A00B2DE75 /* Thread_programming.app */;
			productType = "com.apple.product-type.application";
		};
		33B437E31F19DA9A00B2DE75 /* Thread_programmingTests */ = {
			isa = PBXNativeTarget;
			buildConfigurationList = 33B437F01F19DA9A00B2DE75 /* Build configuration list for PBXNativeTarget "Thread_programmingTests" */;
			buildPhases = (
				33B437E01F19DA9A00B2DE75 /* Sources */,
				33B437E11F19DA9A00B2DE75 /* Frameworks */,
				33B437E21F19DA9A00B2DE75 /* Resources */,
			);
			buildRules = (
			);
			dependencies = (
				33B437E61F19DA9A00B2DE75 /* PBXTargetDependency */,
			);
			name = Thread_programmingTests;
			productName = Thread_programmingTests;
			productReference = 33B437E41F19DA9A00B2DE75 /* Thread_programmingTests.xctest */;
			productType = "com.apple.product-type.bundle.unit-test";
		};
/* End PBXNativeTarget section */

/* Begin PBXProject section */
		33B437C31F19DA9A00B2DE75 /* Project object */ = {
			isa = PBXProject;
			attributes = {
				LastUpgradeCheck = 0830;
				ORGANIZATIONNAME = Will;
				TargetAttributes = {
					33B437CA1F19DA9A00B2DE75 = {
						CreatedOnToolsVersion = 8.3.3;
						ProvisioningStyle = Automatic;
					};
					33B437E31F19DA9A00B2DE75 = {
						CreatedOnToolsVersion = 8.3.3;
						ProvisioningStyle = Automatic;
						TestTargetID = 33B437CA1F19DA9A00B2DE75;
					};
				};
			};
			buildConfigurationList = 33B437C61F19DA9A00B2DE75 /* Build configuration list for PBXProject "Thread_programming" */;
			compatibilityVersion = "Xcode 3.2";
			developmentRegion = English;
			hasScannedForEncodings = 0;
			knownRegions = (
				en,
				Base,
			);
			mainGroup = 33B437C21F19DA9900B2DE75;
			productRefGroup = 33B437CC1F19DA9A00B2DE75 /* Products */;
			projectDirPath = "";
			projectRoot = "";
			targets = (
				33B437CA1F19DA9A00B2DE75 /* Thread_programming */,
				33B437E31F19DA9A00B2DE75 /* Thread_programmingTests */,
			);
		};
/* End PBXProject section */

/* Begin PBXResourcesBuildPhase section */
		33B437C91F19DA9A00B2DE75 /* Resources */ = {
			isa = PBXResourcesBuildPhase;
			buildActionMask = 2147483647;
			files = (
				33B437DE1F19DA9A00B2DE75 /* LaunchScreen.storyboard in Resources */,
				33B437DB1F19DA9A00B2DE75 /* Assets.xcassets in Resources */,
				33B437D91F19DA9A00B2DE75 /* Main.storyboard in Resources */,
			);
			runOnlyForDeploymentPostprocessing = 0;
		};
		33B437E21F19DA9A00B2DE75 /* Resources */ = {
			isa = PBXResourcesBuildPhase;
			buildActionMask = 2147483647;
			files = (
			);
			runOnlyForDeploymentPostprocessing = 0;
		};
/* End PBXResourcesBuildPhase section */

/* Begin PBXSourcesBuildPhase section */
		33B437C71F19DA9A00B2DE75 /* Sources */ = {
			isa = PBXSourcesBuildPhase;
			buildActionMask = 2147483647;
			files = (
				33B437FB1F19E3F600B2DE75 /* ViewOperator.m in Sources */,
				33B437F81F19DB4200B2DE75 /* POSIX_Thread.c in Sources */,
				33B437D61F19DA9A00B2DE75 /* ViewController.m in Sources */,
				33B437F51F19DB2600B2DE75 /* ThreadHelper.m in Sources */,
				33B437FE1F1E52EB00B2DE75 /* TPRunLoop.m in Sources */,
				33B437D31F19DA9A00B2DE75 /* AppDelegate.m in Sources */,
				33B437D01F19DA9A00B2DE75 /* main.m in Sources */,
			);
			runOnlyForDeploymentPostprocessing = 0;
		};
		33B437E01F19DA9A00B2DE75 /* Sources */ = {
			isa = PBXSourcesBuildPhase;
			buildActionMask = 2147483647;
			files = (
				33B437E91F19DA9A00B2DE75 /* Thread_programmingTests.m in Sources */,
			);
			runOnlyForDeploymentPostprocessing = 0;
		};
/* End PBXSourcesBuildPhase section */

/* Begin PBXTargetDependency section */
		33B437E61F19DA9A00B2DE75 /* PBXTargetDependency */ = {
			isa = PBXTargetDependency;
			target = 33B437CA1F19DA9A00B2DE75 /* Thread_programming */;
			targetProxy = 33B437E51F19DA9A00B2DE75 /* PBXContainerItemProxy */;
		};
/* End PBXTargetDependency section */

/* Begin PBXVariantGroup section */
		33B437D71F19DA9A00B2DE75 /* Main.storyboard */ = {
			isa = PBXVariantGroup;
			children = (
				33B437D81F19DA9A00B2DE75 /* Base */,
			);
			name = Main.storyboard;
			sourceTree = "<group>";
		};
		33B437DC1F19DA9A00B2DE75 /* LaunchScreen.storyboard */ = {
			isa = PBXVariantGroup;
			children = (
				33B437DD1F19DA9A00B2DE75 /* Base */,
			);
			name = LaunchScreen.storyboard;
			sourceTree = "<group>";
		};
/* End PBXVariantGroup section */

/* Begin XCBuildConfiguration section */
		33B437EB1F19DA9A00B2DE75 /* Debug */ = {
			isa = XCBuildConfiguration;
			buildSettings = {
				ALWAYS_SEARCH_USER_PATHS = NO;
				CLANG_ANALYZER_NONNULL = YES;
				CLANG_ANALYZER_NUMBER_OBJECT_CONVERSION = YES_AGGRESSIVE;
				CLANG_CXX_LANGUAGE_STANDARD = "gnu++0x";
				CLANG_CXX_LIBRARY = "libc++";
				CLANG_ENABLE_MODULES = YES;
				CLANG_ENABLE_OBJC_ARC = YES;
				CLANG_WARN_BOOL_CONVERSION = YES;
				CLANG_WARN_CONSTANT_CONVERSION = YES;
				CLANG_WARN_DIRECT_OBJC_ISA_USAGE = YES_ERROR;
				CLANG_WARN_DOCUMENTATION_COMMENTS = YES;
				CLANG_WARN_EMPTY_BODY = YES;
				CLANG_WARN_ENUM_CONVERSION = YES;
				CLANG_WARN_INFINITE_RECURSION = YES;
				CLANG_WARN_INT_CONVERSION = YES;
				CLANG_WARN_OBJC_ROOT_CLASS = YES_ERROR;
				CLANG_WARN_SUSPICIOUS_MOVE = YES;
				CLANG_WARN_UNREACHABLE_CODE = YES;
				CLANG_WARN__DUPLICATE_METHOD_MATCH = YES;
				"CODE_SIGN_IDENTITY[sdk=iphoneos*]" = "iPhone Developer";
				COPY_PHASE_STRIP = NO;
				DEBUG_INFORMATION_FORMAT = dwarf;
				ENABLE_STRICT_OBJC_MSGSEND = YES;
				ENABLE_TESTABILITY = YES;
				GCC_C_LANGUAGE_STANDARD = gnu99;
				GCC_DYNAMIC_NO_PIC = NO;
				GCC_NO_COMMON_BLOCKS = YES;
				GCC_OPTIMIZATION_LEVEL = 0;
				GCC_PREPROCESSOR_DEFINITIONS = (
					"DEBUG=1",
					"$(inherited)",
				);
				GCC_WARN_64_TO_32_BIT_CONVERSION = YES;
				GCC_WARN_ABOUT_RETURN_TYPE = YES_ERROR;
				GCC_WARN_UNDECLARED_SELECTOR = YES;
				GCC_WARN_UNINITIALIZED_AUTOS = YES_AGGRESSIVE;
				GCC_WARN_UNUSED_FUNCTION = YES;
				GCC_WARN_UNUSED_VARIABLE = YES;
				IPHONEOS_DEPLOYMENT_TARGET = 10.3;
				MTL_ENABLE_DEBUG_INFO = YES;
				ONLY_ACTIVE_ARCH = YES;
				SDKROOT = iphoneos;
			};
			name = Debug;
		};
		33B437EC1F19DA9A00B2DE75 /* Release */ = {
			isa = XCBuildConfiguration;
			buildSettings = {
				ALWAYS_SEARCH_USER_PATHS = NO;
				CLANG_ANALYZER_NONNULL = YES;
				CLANG_ANALYZER_NUMBER_OBJECT_CONVERSION = YES_AGGRESSIVE;
				CLANG_CXX_LANGUAGE_STANDARD = "gnu++0x";
				CLANG_CXX_LIBRARY = "libc++";
				CLANG_ENABLE_MODULES = YES;
				CLANG_ENABLE_OBJC_ARC = YES;
				CLANG_WARN_BOOL_CONVERSION = YES;
				CLANG_WARN_CONSTANT_CONVERSION = YES;
				CLANG_WARN_DIRECT_OBJC_ISA_USAGE = YES_ERROR;
				CLANG_WARN_DOCUMENTATION_COMMENTS = YES;
				CLANG_WARN_EMPTY_BODY = YES;
				CLANG_WARN_ENUM_CONVERSION = YES;
				CLANG_WARN_INFINITE_RECURSION = YES;
				CLANG_WARN_INT_CONVERSION = YES;
				CLANG_WARN_OBJC_ROOT_CLASS = YES_ERROR;
				CLANG_WARN_SUSPICIOUS_MOVE = YES;
				CLANG_WARN_UNREACHABLE_CODE = YES;
				CLANG_WARN__DUPLICATE_METHOD_MATCH = YES;
				"CODE_SIGN_IDENTITY[sdk=iphoneos*]" = "iPhone Developer";
				COPY_PHASE_STRIP = NO;
				DEBUG_INFORMATION_FORMAT = "dwarf-with-dsym";
				ENABLE_NS_ASSERTIONS = NO;
				ENABLE_STRICT_OBJC_MSGSEND = YES;
				GCC_C_LANGUAGE_STANDARD = gnu99;
				GCC_NO_COMMON_BLOCKS = YES;
				GCC_WARN_64_TO_32_BIT_CONVERSION = YES;
				GCC_WARN_ABOUT_RETURN_TYPE = YES_ERROR;
				GCC_WARN_UNDECLARED_SELECTOR = YES;
				GCC_WARN_UNINITIALIZED_AUTOS = YES_AGGRESSIVE;
				GCC_WARN_UNUSED_FUNCTION = YES;
				GCC_WARN_UNUSED_VARIABLE = YES;
				IPHONEOS_DEPLOYMENT_TARGET = 10.3;
				MTL_ENABLE_DEBUG_INFO = NO;
				SDKROOT = iphoneos;
				VALIDATE_PRODUCT = YES;
			};
			name = Release;
		};
		33B437EE1F19DA9A00B2DE75 /* Debug */ = {
			isa = XCBuildConfiguration;
			buildSettings = {
				ASSETCATALOG_COMPILER_APPICON_NAME = AppIcon;
				INFOPLIST_FILE = Thread_programming/Info.plist;
				LD_RUNPATH_SEARCH_PATHS = "$(inherited) @executable_path/Frameworks";
				PRODUCT_BUNDLE_IDENTIFIER = "wang-wang.Thread-programming";
				PRODUCT_NAME = "$(TARGET_NAME)";
			};
			name = Debug;
		};
		33B437EF1F19DA9A00B2DE75 /* Release */ = {
			isa = XCBuildConfiguration;
			buildSettings = {
				ASSETCATALOG_COMPILER_APPICON_NAME = AppIcon;
				INFOPLIST_FILE = Thread_programming/Info.plist;
				LD_RUNPATH_SEARCH_PATHS = "$(inherited) @executable_path/Frameworks";
				PRODUCT_BUNDLE_IDENTIFIER = "wang-wang.Thread-programming";
				PRODUCT_NAME = "$(TARGET_NAME)";
			};
			name = Release;
		};
		33B437F11F19DA9A00B2DE75 /* Debug */ = {
			isa = XCBuildConfiguration;
			buildSettings = {
				BUNDLE_LOADER = "$(TEST_HOST)";
				INFOPLIST_FILE = Thread_programmingTests/Info.plist;
				LD_RUNPATH_SEARCH_PATHS = "$(inherited) @executable_path/Frameworks @loader_path/Frameworks";
				PRODUCT_BUNDLE_IDENTIFIER = "wang-wang.Thread-programmingTests";
				PRODUCT_NAME = "$(TARGET_NAME)";
				TEST_HOST = "$(BUILT_PRODUCTS_DIR)/Thread_programming.app/Thread_programming";
			};
			name = Debug;
		};
		33B437F21F19DA9A00B2DE75 /* Release */ = {
			isa = XCBuildConfiguration;
			buildSettings = {
				BUNDLE_LOADER = "$(TEST_HOST)";
				INFOPLIST_FILE = Thread_programmingTests/Info.plist;
				LD_RUNPATH_SEARCH_PATHS = "$(inherited) @executable_path/Frameworks @loader_path/Frameworks";
				PRODUCT_BUNDLE_IDENTIFIER = "wang-wang.Thread-programmingTests";
				PRODUCT_NAME = "$(TARGET_NAME)";
				TEST_HOST = "$(BUILT_PRODUCTS_DIR)/Thread_programming.app/Thread_programming";
			};
			name = Release;
		};
/* End XCBuildConfiguration section */

/* Begin XCConfigurationList section */
		33B437C61F19DA9A00B2DE75 /* Build configuration list for PBXProject "Thread_programming" */ = {
			isa = XCConfigurationList;
			buildConfigurations = (
				33B437EB1F19DA9A00B2DE75 /* Debug */,
				33B437EC1F19DA9A00B2DE75 /* Release */,
			);
			defaultConfigurationIsVisible = 0;
			defaultConfigurationName = Release;
		};
		33B437ED1F19DA9A00B2DE75 /* Build configuration list for PBXNativeTarget "Thread_programming" */ = {
			isa = XCConfigurationList;
			buildConfigurations = (
				33B437EE1F19DA9A00B2DE75 /* Debug */,
				33B437EF1F19DA9A00B2DE75 /* Release */,
			);
			defaultConfigurationIsVisible = 0;
		};
		33B437F01F19DA9A00B2DE75 /* Build configuration list for PBXNativeTarget "Thread_programmingTests" */ = {
			isa = XCConfigurationList;
			buildConfigurations = (
				33B437F11F19DA9A00B2DE75 /* Debug */,
				33B437F21F19DA9A00B2DE75 /* Release */,
			);
			defaultConfigurationIsVisible = 0;
		};
/* End XCConfigurationList section */
	};
	rootObject = 33B437C31F19DA9A00B2DE75 /* Project object */;
}
